// !$*UTF8*$!
{
	archiveVersion = 1;
	classes = {
	};
	objectVersion = 46;
	objects = {

/* Begin PBXBuildFile section */
		C66345331937783300BBDADF /* Foundation.framework in Frameworks */ = {isa = PBXBuildFile; fileRef = C66345321937783300BBDADF /* Foundation.framework */; };
		C66345351937783300BBDADF /* CoreGraphics.framework in Frameworks */ = {isa = PBXBuildFile; fileRef = C66345341937783300BBDADF /* CoreGraphics.framework */; };
		C66345371937783300BBDADF /* UIKit.framework in Frameworks */ = {isa = PBXBuildFile; fileRef = C66345361937783300BBDADF /* UIKit.framework */; };
		C663453D1937783300BBDADF /* InfoPlist.strings in Resources */ = {isa = PBXBuildFile; fileRef = C663453B1937783300BBDADF /* InfoPlist.strings */; };
		C663453F1937783300BBDADF /* main.m in Sources */ = {isa = PBXBuildFile; fileRef = C663453E1937783300BBDADF /* main.m */; };
		C66345431937783300BBDADF /* TDSAppDelegate.m in Sources */ = {isa = PBXBuildFile; fileRef = C66345421937783300BBDADF /* TDSAppDelegate.m */; };
		C66345451937783300BBDADF /* Images.xcassets in Resources */ = {isa = PBXBuildFile; fileRef = C66345441937783300BBDADF /* Images.xcassets */; };
		C663454C1937783300BBDADF /* XCTest.framework in Frameworks */ = {isa = PBXBuildFile; fileRef = C663454B1937783300BBDADF /* XCTest.framework */; };
		C663454D1937783300BBDADF /* Foundation.framework in Frameworks */ = {isa = PBXBuildFile; fileRef = C66345321937783300BBDADF /* Foundation.framework */; };
		C663454E1937783300BBDADF /* UIKit.framework in Frameworks */ = {isa = PBXBuildFile; fileRef = C66345361937783300BBDADF /* UIKit.framework */; };
		C66345561937783300BBDADF /* InfoPlist.strings in Resources */ = {isa = PBXBuildFile; fileRef = C66345541937783300BBDADF /* InfoPlist.strings */; };
		C66345581937783300BBDADF /* ToDoSampleTests.m in Sources */ = {isa = PBXBuildFile; fileRef = C66345571937783300BBDADF /* ToDoSampleTests.m */; };
/* End PBXBuildFile section */

/* Begin PBXContainerItemProxy section */
		C663454F1937783300BBDADF /* PBXContainerItemProxy */ = {
			isa = PBXContainerItemProxy;
			containerPortal = C66345271937783200BBDADF /* Project object */;
			proxyType = 1;
			remoteGlobalIDString = C663452E1937783300BBDADF;
			remoteInfo = ToDoSample;
		};
/* End PBXContainerItemProxy section */

/* Begin PBXFileReference section */
		C663452F1937783300BBDADF /* ToDoSample.app */ = {isa = PBXFileReference; explicitFileType = wrapper.application; includeInIndex = 0; path = ToDoSample.app; sourceTree = BUILT_PRODUCTS_DIR; };
		C66345321937783300BBDADF /* Foundation.framework */ = {isa = PBXFileReference; lastKnownFileType = wrapper.framework; name = Foundation.framework; path = System/Library/Frameworks/Foundation.framework; sourceTree = SDKROOT; };
		C66345341937783300BBDADF /* CoreGraphics.framework */ = {isa = PBXFileReference; lastKnownFileType = wrapper.framework; name = CoreGraphics.framework; path = System/Library/Frameworks/CoreGraphics.framework; sourceTree = SDKROOT; };
		C66345361937783300BBDADF /* UIKit.framework */ = {isa = PBXFileReference; lastKnownFileType = wrapper.framework; name = UIKit.framework; path = System/Library/Frameworks/UIKit.framework; sourceTree = SDKROOT; };
		C663453A1937783300BBDADF /* ToDoSample-Info.plist */ = {isa = PBXFileReference; lastKnownFileType = text.plist.xml; path = "ToDoSample-Info.plist"; sourceTree = "<group>"; };
		C663453C1937783300BBDADF /* en */ = {isa = PBXFileReference; lastKnownFileType = text.plist.strings; name = en; path = en.lproj/InfoPlist.strings; sourceTree = "<group>"; };
		C663453E1937783300BBDADF /* main.m */ = {isa = PBXFileReference; lastKnownFileType = sourcecode.c.objc; path = main.m; sourceTree = "<group>"; };
		C66345401937783300BBDADF /* ToDoSample-Prefix.pch */ = {isa = PBXFileReference; lastKnownFileType = sourcecode.c.h; path = "ToDoSample-Prefix.pch"; sourceTree = "<group>"; };
		C66345411937783300BBDADF /* TDSAppDelegate.h */ = {isa = PBXFileReference; lastKnownFileType = sourcecode.c.h; path = TDSAppDelegate.h; sourceTree = "<group>"; };
		C66345421937783300BBDADF /* TDSAppDelegate.m */ = {isa = PBXFileReference; lastKnownFileType = sourcecode.c.objc; path = TDSAppDelegate.m; sourceTree = "<group>"; };
		C66345441937783300BBDADF /* Images.xcassets */ = {isa = PBXFileReference; lastKnownFileType = folder.assetcatalog; path = Images.xcassets; sourceTree = "<group>"; };
		C663454A1937783300BBDADF /* ToDoSampleTests.xctest */ = {isa = PBXFileReference; explicitFileType = wrapper.cfbundle; includeInIndex = 0; path = ToDoSampleTests.xctest; sourceTree = BUILT_PRODUCTS_DIR; };
		C663454B1937783300BBDADF /* XCTest.framework */ = {isa = PBXFileReference; lastKnownFileType = wrapper.framework; name = XCTest.framework; path = Library/Frameworks/XCTest.framework; sourceTree = DEVELOPER_DIR; };
		C66345531937783300BBDADF /* ToDoSampleTests-Info.plist */ = {isa = PBXFileReference; lastKnownFileType = text.plist.xml; path = "ToDoSampleTests-Info.plist"; sourceTree = "<group>"; };
		C66345551937783300BBDADF /* en */ = {isa = PBXFileReference; lastKnownFileType = text.plist.strings; name = en; path = en.lproj/InfoPlist.strings; sourceTree = "<group>"; };
		C66345571937783300BBDADF /* ToDoSampleTests.m */ = {isa = PBXFileReference; lastKnownFileType = sourcecode.c.objc; path = ToDoSampleTests.m; sourceTree = "<group>"; };
/* End PBXFileReference section */

/* Begin PBXFrameworksBuildPhase section */
		C663452C1937783300BBDADF /* Frameworks */ = {
			isa = PBXFrameworksBuildPhase;
			buildActionMask = 2147483647;
			files = (
				C66345351937783300BBDADF /* CoreGraphics.framework in Frameworks */,
				C66345371937783300BBDADF /* UIKit.framework in Frameworks */,
				C66345331937783300BBDADF /* Foundation.framework in Frameworks */,
			);
			runOnlyForDeploymentPostprocessing = 0;
		};
		C66345471937783300BBDADF /* Frameworks */ = {
			isa = PBXFrameworksBuildPhase;
			buildActionMask = 2147483647;
			files = (
				C663454C1937783300BBDADF /* XCTest.framework in Frameworks */,
				C663454E1937783300BBDADF /* UIKit.framework in Frameworks */,
				C663454D1937783300BBDADF /* Foundation.framework in Frameworks */,
			);
			runOnlyForDeploymentPostprocessing = 0;
		};
/* End PBXFrameworksBuildPhase section */

/* Begin PBXGroup section */
		C66345261937783200BBDADF = {
			isa = PBXGroup;
			children = (
				C66345381937783300BBDADF /* ToDoSample */,
				C66345511937783300BBDADF /* ToDoSampleTests */,
				C66345311937783300BBDADF /* Frameworks */,
				C66345301937783300BBDADF /* Products */,
			);
			sourceTree = "<group>";
		};
		C66345301937783300BBDADF /* Products */ = {
			isa = PBXGroup;
			children = (
				C663452F1937783300BBDADF /* ToDoSample.app */,
				C663454A1937783300BBDADF /* ToDoSampleTests.xctest */,
			);
			name = Products;
			sourceTree = "<group>";
		};
		C66345311937783300BBDADF /* Frameworks */ = {
			isa = PBXGroup;
			children = (
				C66345321937783300BBDADF /* Foundation.framework */,
				C66345341937783300BBDADF /* CoreGraphics.framework */,
				C66345361937783300BBDADF /* UIKit.framework */,
				C663454B1937783300BBDADF /* XCTest.framework */,
			);
			name = Frameworks;
			sourceTree = "<group>";
		};
		C66345381937783300BBDADF /* ToDoSample */ = {
			isa = PBXGroup;
			children = (
				C66345411937783300BBDADF /* TDSAppDelegate.h */,
				C66345421937783300BBDADF /* TDSAppDelegate.m */,
				C66345441937783300BBDADF /* Images.xcassets */,
				C66345391937783300BBDADF /* Supporting Files */,
			);
			path = ToDoSample;
			sourceTree = "<group>";
		};
		C66345391937783300BBDADF /* Supporting Files */ = {
			isa = PBXGroup;
			children = (
				C663453A1937783300BBDADF /* ToDoSample-Info.plist */,
				C663453B1937783300BBDADF /* InfoPlist.strings */,
				C663453E1937783300BBDADF /* main.m */,
				C66345401937783300BBDADF /* ToDoSample-Prefix.pch */,
			);
			name = "Supporting Files";
			sourceTree = "<group>";
		};
		C66345511937783300BBDADF /* ToDoSampleTests */ = {
			isa = PBXGroup;
			children = (
				C66345571937783300BBDADF /* ToDoSampleTests.m */,
				C66345521937783300BBDADF /* Supporting Files */,
			);
			path = ToDoSampleTests;
			sourceTree = "<group>";
		};
		C66345521937783300BBDADF /* Supporting Files */ = {
			isa = PBXGroup;
			children = (
				C66345531937783300BBDADF /* ToDoSampleTests-Info.plist */,
				C66345541937783300BBDADF /* InfoPlist.strings */,
			);
			name = "Supporting Files";
			sourceTree = "<group>";
		};
/* End PBXGroup section */

/* Begin PBXNativeTarget section */
		C663452E1937783300BBDADF /* ToDoSample */ = {
			isa = PBXNativeTarget;
			buildConfigurationList = C663455B1937783300BBDADF /* Build configuration list for PBXNativeTarget "ToDoSample" */;
			buildPhases = (
				C663452B1937783300BBDADF /* Sources */,
				C663452C1937783300BBDADF /* Frameworks */,
				C663452D1937783300BBDADF /* Resources */,
			);
			buildRules = (
			);
			dependencies = (
			);
			name = ToDoSample;
			productName = ToDoSample;
			productReference = C663452F1937783300BBDADF /* ToDoSample.app */;
			productType = "com.apple.product-type.application";
		};
		C66345491937783300BBDADF /* ToDoSampleTests */ = {
			isa = PBXNativeTarget;
			buildConfigurationList = C663455E1937783300BBDADF /* Build configuration list for PBXNativeTarget "ToDoSampleTests" */;
			buildPhases = (
				C66345461937783300BBDADF /* Sources */,
				C66345471937783300BBDADF /* Frameworks */,
				C66345481937783300BBDADF /* Resources */,
			);
			buildRules = (
			);
			dependencies = (
				C66345501937783300BBDADF /* PBXTargetDependency */,
			);
			name = ToDoSampleTests;
			productName = ToDoSampleTests;
			productReference = C663454A1937783300BBDADF /* ToDoSampleTests.xctest */;
			productType = "com.apple.product-type.bundle.unit-test";
		};
/* End PBXNativeTarget section */

/* Begin PBXProject section */
		C66345271937783200BBDADF /* Project object */ = {
			isa = PBXProject;
			attributes = {
				CLASSPREFIX = TDS;
				LastUpgradeCheck = 0510;
				ORGANIZATIONNAME = pollseed;
				TargetAttributes = {
					C66345491937783300BBDADF = {
						TestTargetID = C663452E1937783300BBDADF;
					};
				};
			};
			buildConfigurationList = C663452A1937783200BBDADF /* Build configuration list for PBXProject "ToDoSample" */;
			compatibilityVersion = "Xcode 3.2";
			developmentRegion = English;
			hasScannedForEncodings = 0;
			knownRegions = (
				en,
			);
			mainGroup = C66345261937783200BBDADF;
			productRefGroup = C66345301937783300BBDADF /* Products */;
			projectDirPath = "";
			projectRoot = "";
			targets = (
				C663452E1937783300BBDADF /* ToDoSample */,
				C66345491937783300BBDADF /* ToDoSampleTests */,
			);
		};
/* End PBXProject section */

/* Begin PBXResourcesBuildPhase section */
		C663452D1937783300BBDADF /* Resources */ = {
			isa = PBXResourcesBuildPhase;
			buildActionMask = 2147483647;
			files = (
				C663453D1937783300BBDADF /* InfoPlist.strings in Resources */,
				C66345451937783300BBDADF /* Images.xcassets in Resources */,
			);
			runOnlyForDeploymentPostprocessing = 0;
		};
		C66345481937783300BBDADF /* Resources */ = {
			isa = PBXResourcesBuildPhase;
			buildActionMask = 2147483647;
			files = (
				C66345561937783300BBDADF /* InfoPlist.strings in Resources */,
			);
			runOnlyForDeploymentPostprocessing = 0;
		};
/* End PBXResourcesBuildPhase section */

/* Begin PBXSourcesBuildPhase section */
		C663452B1937783300BBDADF /* Sources */ = {
			isa = PBXSourcesBuildPhase;
			buildActionMask = 2147483647;
			files = (
				C66345431937783300BBDADF /* TDSAppDelegate.m in Sources */,
				C663453F1937783300BBDADF /* main.m in Sources */,
			);
			runOnlyForDeploymentPostprocessing = 0;
		};
		C66345461937783300BBDADF /* Sources */ = {
			isa = PBXSourcesBuildPhase;
			buildActionMask = 2147483647;
			files = (
				C66345581937783300BBDADF /* ToDoSampleTests.m in Sources */,
			);
			runOnlyForDeploymentPostprocessing = 0;
		};
/* End PBXSourcesBuildPhase section */

/* Begin PBXTargetDependency section */
		C66345501937783300BBDADF /* PBXTargetDependency */ = {
			isa = PBXTargetDependency;
			target = C663452E1937783300BBDADF /* ToDoSample */;
			targetProxy = C663454F1937783300BBDADF /* PBXContainerItemProxy */;
		};
/* End PBXTargetDependency section */

/* Begin PBXVariantGroup section */
		C663453B1937783300BBDADF /* InfoPlist.strings */ = {
			isa = PBXVariantGroup;
			children = (
				C663453C1937783300BBDADF /* en */,
			);
			name = InfoPlist.strings;
			sourceTree = "<group>";
		};
		C66345541937783300BBDADF /* InfoPlist.strings */ = {
			isa = PBXVariantGroup;
			children = (
				C66345551937783300BBDADF /* en */,
			);
			name = InfoPlist.strings;
			sourceTree = "<group>";
		};
/* End PBXVariantGroup section */

/* Begin XCBuildConfiguration section */
		C66345591937783300BBDADF /* Debug */ = {
			isa = XCBuildConfiguration;
			buildSettings = {
				ALWAYS_SEARCH_USER_PATHS = NO;
				CLANG_CXX_LANGUAGE_STANDARD = "gnu++0x";
				CLANG_CXX_LIBRARY = "libc++";
				CLANG_ENABLE_MODULES = YES;
				CLANG_ENABLE_OBJC_ARC = YES;
				CLANG_WARN_BOOL_CONVERSION = YES;
				CLANG_WARN_CONSTANT_CONVERSION = YES;
				CLANG_WARN_DIRECT_OBJC_ISA_USAGE = YES_ERROR;
				CLANG_WARN_EMPTY_BODY = YES;
				CLANG_WARN_ENUM_CONVERSION = YES;
				CLANG_WARN_INT_CONVERSION = YES;
				CLANG_WARN_OBJC_ROOT_CLASS = YES_ERROR;
				CLANG_WARN__DUPLICATE_METHOD_MATCH = YES;
				"CODE_SIGN_IDENTITY[sdk=iphoneos*]" = "iPhone Developer";
				COPY_PHASE_STRIP = NO;
				GCC_C_LANGUAGE_STANDARD = gnu99;
				GCC_DYNAMIC_NO_PIC = NO;
				GCC_OPTIMIZATION_LEVEL = 0;
				GCC_PREPROCESSOR_DEFINITIONS = (
					"DEBUG=1",
					"$(inherited)",
				);
				GCC_SYMBOLS_PRIVATE_EXTERN = NO;
				GCC_WARN_64_TO_32_BIT_CONVERSION = YES;
				GCC_WARN_ABOUT_RETURN_TYPE = YES_ERROR;
				GCC_WARN_UNDECLARED_SELECTOR = YES;
				GCC_WARN_UNINITIALIZED_AUTOS = YES_AGGRESSIVE;
				GCC_WARN_UNUSED_FUNCTION = YES;
				GCC_WARN_UNUSED_VARIABLE = YES;
				IPHONEOS_DEPLOYMENT_TARGET = 7.1;
				ONLY_ACTIVE_ARCH = YES;
				SDKROOT = iphoneos;
			};
			name = Debug;
		};
		C663455A1937783300BBDADF /* Release */ = {
			isa = XCBuildConfiguration;
			buildSettings = {
				ALWAYS_SEARCH_USER_PATHS = NO;
				CLANG_CXX_LANGUAGE_STANDARD = "gnu++0x";
				CLANG_CXX_LIBRARY = "libc++";
				CLANG_ENABLE_MODULES = YES;
				CLANG_ENABLE_OBJC_ARC = YES;
				CLANG_WARN_BOOL_CONVERSION = YES;
				CLANG_WARN_CONSTANT_CONVERSION = YES;
				CLANG_WARN_DIRECT_OBJC_ISA_USAGE = YES_ERROR;
				CLANG_WARN_EMPTY_BODY = YES;
				CLANG_WARN_ENUM_CONVERSION = YES;
				CLANG_WARN_INT_CONVERSION = YES;
				CLANG_WARN_OBJC_ROOT_CLASS = YES_ERROR;
				CLANG_WARN__DUPLICATE_METHOD_MATCH = YES;
				"CODE_SIGN_IDENTITY[sdk=iphoneos*]" = "iPhone Developer";
				COPY_PHASE_STRIP = YES;
				ENABLE_NS_ASSERTIONS = NO;
				GCC_C_LANGUAGE_STANDARD = gnu99;
				GCC_WARN_64_TO_32_BIT_CONVERSION = YES;
				GCC_WARN_ABOUT_RETURN_TYPE = YES_ERROR;
				GCC_WARN_UNDECLARED_SELECTOR = YES;
				GCC_WARN_UNINITIALIZED_AUTOS = YES_AGGRESSIVE;
				GCC_WARN_UNUSED_FUNCTION = YES;
				GCC_WARN_UNUSED_VARIABLE = YES;
				IPHONEOS_DEPLOYMENT_TARGET = 7.1;
				SDKROOT = iphoneos;
				VALIDATE_PRODUCT = YES;
			};
			name = Release;
		};
		C663455C1937783300BBDADF /* Debug */ = {
			isa = XCBuildConfiguration;
			buildSettings = {
				ASSETCATALOG_COMPILER_APPICON_NAME = AppIcon;
				ASSETCATALOG_COMPILER_LAUNCHIMAGE_NAME = LaunchImage;
				GCC_PRECOMPILE_PREFIX_HEADER = YES;
				GCC_PREFIX_HEADER = "ToDoSample/ToDoSample-Prefix.pch";
				INFOPLIST_FILE = "ToDoSample/ToDoSample-Info.plist";
				PRODUCT_NAME = "$(TARGET_NAME)";
				WRAPPER_EXTENSION = app;
			};
			name = Debug;
		};
		C663455D1937783300BBDADF /* Release */ = {
			isa = XCBuildConfiguration;
			buildSettings = {
				ASSETCATALOG_COMPILER_APPICON_NAME = AppIcon;
				ASSETCATALOG_COMPILER_LAUNCHIMAGE_NAME = LaunchImage;
				GCC_PRECOMPILE_PREFIX_HEADER = YES;
				GCC_PREFIX_HEADER = "ToDoSample/ToDoSample-Prefix.pch";
				INFOPLIST_FILE = "ToDoSample/ToDoSample-Info.plist";
				PRODUCT_NAME = "$(TARGET_NAME)";
				WRAPPER_EXTENSION = app;
			};
			name = Release;
		};
		C663455F1937783300BBDADF /* Debug */ = {
			isa = XCBuildConfiguration;
			buildSettings = {
				BUNDLE_LOADER = "$(BUILT_PRODUCTS_DIR)/ToDoSample.app/ToDoSample";
				FRAMEWORK_SEARCH_PATHS = (
					"$(SDKROOT)/Developer/Library/Frameworks",
					"$(inherited)",
					"$(DEVELOPER_FRAMEWORKS_DIR)",
				);
				GCC_PRECOMPILE_PREFIX_HEADER = YES;
				GCC_PREFIX_HEADER = "ToDoSample/ToDoSample-Prefix.pch";
				GCC_PREPROCESSOR_DEFINITIONS = (
					"DEBUG=1",
					"$(inherited)",
				);
				INFOPLIST_FILE = "ToDoSampleTests/ToDoSampleTests-Info.plist";
				PRODUCT_NAME = "$(TARGET_NAME)";
				TEST_HOST = "$(BUNDLE_LOADER)";
				WRAPPER_EXTENSION = xctest;
			};
			name = Debug;
		};
		C66345601937783300BBDADF /* Release */ = {
			isa = XCBuildConfiguration;
			buildSettings = {
				BUNDLE_LOADER = "$(BUILT_PRODUCTS_DIR)/ToDoSample.app/ToDoSample";
				FRAMEWORK_SEARCH_PATHS = (
					"$(SDKROOT)/Developer/Library/Frameworks",
					"$(inherited)",
					"$(DEVELOPER_FRAMEWORKS_DIR)",
				);
				GCC_PRECOMPILE_PREFIX_HEADER = YES;
				GCC_PREFIX_HEADER = "ToDoSample/ToDoSample-Prefix.pch";
				INFOPLIST_FILE = "ToDoSampleTests/ToDoSampleTests-Info.plist";
				PRODUCT_NAME = "$(TARGET_NAME)";
				TEST_HOST = "$(BUNDLE_LOADER)";
				WRAPPER_EXTENSION = xctest;
			};
			name = Release;
		};
/* End XCBuildConfiguration section */

/* Begin XCConfigurationList section */
		C663452A1937783200BBDADF /* Build configuration list for PBXProject "ToDoSample" */ = {
			isa = XCConfigurationList;
			buildConfigurations = (
				C66345591937783300BBDADF /* Debug */,
				C663455A1937783300BBDADF /* Release */,
			);
			defaultConfigurationIsVisible = 0;
			defaultConfigurationName = Release;
		};
		C663455B1937783300BBDADF /* Build configuration list for PBXNativeTarget "ToDoSample" */ = {
			isa = XCConfigurationList;
			buildConfigurations = (
				C663455C1937783300BBDADF /* Debug */,
				C663455D1937783300BBDADF /* Release */,
			);
			defaultConfigurationIsVisible = 0;
		};
		C663455E1937783300BBDADF /* Build configuration list for PBXNativeTarget "ToDoSampleTests" */ = {
			isa = XCConfigurationList;
			buildConfigurations = (
				C663455F1937783300BBDADF /* Debug */,
				C66345601937783300BBDADF /* Release */,
			);
			defaultConfigurationIsVisible = 0;
		};
/* End XCConfigurationList section */
	};
	rootObject = C66345271937783200BBDADF /* Project object */;
}
